
Microsoft Visual Studio Solution File, Format Version 12.00
# Visual Studio Version 16
VisualStudioVersion = 16.0.30503.244
MinimumVisualStudioVersion = 10.0.40219.1
Project("{FAE04EC0-301F-11D3-BF4B-00C04F79EFBC}") = "Timetest1", "Timetest1.csproj", "{DE091C4E-ACDA-434D-AC7A-ACBF92FD847A}"
EndProject
Global
	GlobalSection(SolutionConfigurationPlatforms) = preSolution
		Debug|Any CPU = Debug|Any CPU
		Release|Any CPU = Release|Any CPU
	EndGlobalSection
	GlobalSection(ProjectConfigurationPlatforms) = postSolution
		{DE091C4E-ACDA-434D-AC7A-ACBF92FD847A}.Debug|Any CPU.ActiveCfg = Debug|Any CPU
		{DE091C4E-ACDA-434D-AC7A-ACBF92FD847A}.Debug|Any CPU.Build.0 = Debug|Any CPU
		{DE091C4E-ACDA-434D-AC7A-ACBF92FD847A}.Release|Any CPU.ActiveCfg = Release|Any CPU
		{DE091C4E-ACDA-434D-AC7A-ACBF92FD847A}.Release|Any CPU.Build.0 = Release|Any CPU
	EndGlobalSection
	GlobalSection(SolutionProperties) = preSolution
		HideSolutionNode = FALSE
	EndGlobalSection
	GlobalSection(ExtensibilityGlobals) = postSolution
		SolutionGuid = {A517D3D4-CE49-4060-AA56-2DEAD1513614}
	EndGlobalSection
EndGlobal
